
Microsoft Visual Studio Solution File, Format Version 12.00
# Visual Studio Version 17
VisualStudioVersion = 17.7.34221.43
MinimumVisualStudioVersion = 10.0.40219.1
Project("{9A19103F-16F7-4668-BE54-9A1E7A4F7556}") = "Encapsulation", "Encapsulation\Encapsulation.csproj", "{DE41BB00-16DC-43D1-879D-D54F12403E12}"
EndProject
Project("{FAE04EC0-301F-11D3-BF4B-00C04F79EFBC}") = "ClassLibrary", "ClassLibrary\ClassLibrary.csproj", "{B22308B5-01BC-4FD8-89DC-F59FE8482DDE}"
EndProject
Global
	GlobalSection(SolutionConfigurationPlatforms) = preSolution
		Debug|Any CPU = Debug|Any CPU
		Release|Any CPU = Release|Any CPU
	EndGlobalSection
	GlobalSection(ProjectConfigurationPlatforms) = postSolution
		{DE41BB00-16DC-43D1-879D-D54F12403E12}.Debug|Any CPU.ActiveCfg = Debug|Any CPU
		{DE41BB00-16DC-43D1-879D-D54F12403E12}.Debug|Any CPU.Build.0 = Debug|Any CPU
		{DE41BB00-16DC-43D1-879D-D54F12403E12}.Release|Any CPU.ActiveCfg = Release|Any CPU
		{DE41BB00-16DC-43D1-879D-D54F12403E12}.Release|Any CPU.Build.0 = Release|Any CPU
		{B22308B5-01BC-4FD8-89DC-F59FE8482DDE}.Debug|Any CPU.ActiveCfg = Debug|Any CPU
		{B22308B5-01BC-4FD8-89DC-F59FE8482DDE}.Debug|Any CPU.Build.0 = Debug|Any CPU
		{B22308B5-01BC-4FD8-89DC-F59FE8482DDE}.Release|Any CPU.ActiveCfg = Release|Any CPU
		{B22308B5-01BC-4FD8-89DC-F59FE8482DDE}.Release|Any CPU.Build.0 = Release|Any CPU
	EndGlobalSection
	GlobalSection(SolutionProperties) = preSolution
		HideSolutionNode = FALSE
	EndGlobalSection
	GlobalSection(ExtensibilityGlobals) = postSolution
		SolutionGuid = {F4480D4A-6537-4FBF-BFAB-65FF7FCEBA89}
	EndGlobalSection
EndGlobal
